
Microsoft Visual Studio Solution File, Format Version 12.00
# Visual Studio Version 16
VisualStudioVersion = 16.0.29728.190
MinimumVisualStudioVersion = 10.0.40219.1
Project("{FAE04EC0-301F-11D3-BF4B-00C04F79EFBC}") = "BooksApi", "BooksApi\BooksApi.csproj", "{CE5BC8FF-79FC-4472-9067-582A61F3EBBF}"
EndProject
Global
	GlobalSection(SolutionConfigurationPlatforms) = preSolution
		Debug|Any CPU = Debug|Any CPU
		Release|Any CPU = Release|Any CPU
	EndGlobalSection
	GlobalSection(ProjectConfigurationPlatforms) = postSolution
		{CE5BC8FF-79FC-4472-9067-582A61F3EBBF}.Debug|Any CPU.ActiveCfg = Debug|Any CPU
		{CE5BC8FF-79FC-4472-9067-582A61F3EBBF}.Debug|Any CPU.Build.0 = Debug|Any CPU
		{CE5BC8FF-79FC-4472-9067-582A61F3EBBF}.Release|Any CPU.ActiveCfg = Release|Any CPU
		{CE5BC8FF-79FC-4472-9067-582A61F3EBBF}.Release|Any CPU.Build.0 = Release|Any CPU
	EndGlobalSection
	GlobalSection(SolutionProperties) = preSolution
		HideSolutionNode = FALSE
	EndGlobalSection
	GlobalSection(ExtensibilityGlobals) = postSolution
		SolutionGuid = {A15F3272-A6F3-419C-8118-C02E1E5FC969}
	EndGlobalSection
EndGlobal
